
Microsoft Visual Studio Solution File, Format Version 12.00
# Visual Studio Version 16
VisualStudioVersion = 16.0.30104.148
MinimumVisualStudioVersion = 10.0.40219.1
Project("{F184B08F-C81C-45F6-A57F-5ABD9991F28F}") = "Intertech-Samuhu-Baranda", "Intertech-Samuhu-Baranda\Intertech-Samuhu-Baranda.vbproj", "{8D688C28-9249-49C8-A843-EB727CDC9AF6}"
EndProject
Global
	GlobalSection(SolutionConfigurationPlatforms) = preSolution
		Debug|Any CPU = Debug|Any CPU
		Release|Any CPU = Release|Any CPU
	EndGlobalSection
	GlobalSection(ProjectConfigurationPlatforms) = postSolution
		{8D688C28-9249-49C8-A843-EB727CDC9AF6}.Debug|Any CPU.ActiveCfg = Debug|Any CPU
		{8D688C28-9249-49C8-A843-EB727CDC9AF6}.Debug|Any CPU.Build.0 = Debug|Any CPU
		{8D688C28-9249-49C8-A843-EB727CDC9AF6}.Release|Any CPU.ActiveCfg = Release|Any CPU
		{8D688C28-9249-49C8-A843-EB727CDC9AF6}.Release|Any CPU.Build.0 = Release|Any CPU
	EndGlobalSection
	GlobalSection(SolutionProperties) = preSolution
		HideSolutionNode = FALSE
	EndGlobalSection
	GlobalSection(ExtensibilityGlobals) = postSolution
		SolutionGuid = {6E8498DE-F7BA-460F-8DE0-FB03ADF4E4A9}
	EndGlobalSection
EndGlobal
